
Microsoft Visual Studio Solution File, Format Version 12.00
# Visual Studio Version 17
VisualStudioVersion = 17.14.36221.1
MinimumVisualStudioVersion = 10.0.40219.1
Project("{FAE04EC0-301F-11D3-BF4B-00C04F79EFBC}") = "ForEncryption", "ForEncryption\ForEncryption.csproj", "{9B6E8309-E553-428B-AE39-1FF128857AA0}"
EndProject
Project("{FAE04EC0-301F-11D3-BF4B-00C04F79EFBC}") = "SecureFileEncryptor", "SecureFileEncryptor\SecureFileEncryptor.csproj", "{515670D8-1DD2-4E9A-8BE3-2541858ABDA2}"
EndProject
Global
	GlobalSection(SolutionConfigurationPlatforms) = preSolution
		Debug|Any CPU = Debug|Any CPU
		Release|Any CPU = Release|Any CPU
	EndGlobalSection
	GlobalSection(ProjectConfigurationPlatforms) = postSolution
		{9B6E8309-E553-428B-AE39-1FF128857AA0}.Debug|Any CPU.ActiveCfg = Debug|Any CPU
		{9B6E8309-E553-428B-AE39-1FF128857AA0}.Debug|Any CPU.Build.0 = Debug|Any CPU
		{9B6E8309-E553-428B-AE39-1FF128857AA0}.Release|Any CPU.ActiveCfg = Release|Any CPU
		{9B6E8309-E553-428B-AE39-1FF128857AA0}.Release|Any CPU.Build.0 = Release|Any CPU
		{515670D8-1DD2-4E9A-8BE3-2541858ABDA2}.Debug|Any CPU.ActiveCfg = Debug|Any CPU
		{515670D8-1DD2-4E9A-8BE3-2541858ABDA2}.Debug|Any CPU.Build.0 = Debug|Any CPU
		{515670D8-1DD2-4E9A-8BE3-2541858ABDA2}.Release|Any CPU.ActiveCfg = Release|Any CPU
		{515670D8-1DD2-4E9A-8BE3-2541858ABDA2}.Release|Any CPU.Build.0 = Release|Any CPU
	EndGlobalSection
	GlobalSection(SolutionProperties) = preSolution
		HideSolutionNode = FALSE
	EndGlobalSection
	GlobalSection(ExtensibilityGlobals) = postSolution
		SolutionGuid = {B24B9DAE-DA91-443E-91FC-FD2BC6C3FF49}
	EndGlobalSection
EndGlobal
